
Microsoft Visual Studio Solution File, Format Version 12.00
# Visual Studio Version 17
VisualStudioVersion = 17.3.32825.248
MinimumVisualStudioVersion = 10.0.40219.1
Project("{FAE04EC0-301F-11D3-BF4B-00C04F79EFBC}") = "SPP_faker", "SPP_faker\SPP_faker.csproj", "{62771DED-16A4-4F1C-B974-87E592AC592B}"
EndProject
Project("{FAE04EC0-301F-11D3-BF4B-00C04F79EFBC}") = "generator_interface", "generator_interface\generator_interface.csproj", "{256F167C-AEC5-42ED-9E7F-AFC72AFBBB6E}"
EndProject
Project("{FAE04EC0-301F-11D3-BF4B-00C04F79EFBC}") = "IntegerGenerator", "IntegerGenerator\IntegerGenerator.csproj", "{CFEBF849-768D-4CBB-8C53-C2FC4D9AEBA8}"
EndProject
Global
	GlobalSection(SolutionConfigurationPlatforms) = preSolution
		Debug|Any CPU = Debug|Any CPU
		Release|Any CPU = Release|Any CPU
	EndGlobalSection
	GlobalSection(ProjectConfigurationPlatforms) = postSolution
		{62771DED-16A4-4F1C-B974-87E592AC592B}.Debug|Any CPU.ActiveCfg = Debug|Any CPU
		{62771DED-16A4-4F1C-B974-87E592AC592B}.Debug|Any CPU.Build.0 = Debug|Any CPU
		{62771DED-16A4-4F1C-B974-87E592AC592B}.Release|Any CPU.ActiveCfg = Release|Any CPU
		{62771DED-16A4-4F1C-B974-87E592AC592B}.Release|Any CPU.Build.0 = Release|Any CPU
		{256F167C-AEC5-42ED-9E7F-AFC72AFBBB6E}.Debug|Any CPU.ActiveCfg = Debug|Any CPU
		{256F167C-AEC5-42ED-9E7F-AFC72AFBBB6E}.Debug|Any CPU.Build.0 = Debug|Any CPU
		{256F167C-AEC5-42ED-9E7F-AFC72AFBBB6E}.Release|Any CPU.ActiveCfg = Release|Any CPU
		{256F167C-AEC5-42ED-9E7F-AFC72AFBBB6E}.Release|Any CPU.Build.0 = Release|Any CPU
		{CFEBF849-768D-4CBB-8C53-C2FC4D9AEBA8}.Debug|Any CPU.ActiveCfg = Debug|Any CPU
		{CFEBF849-768D-4CBB-8C53-C2FC4D9AEBA8}.Debug|Any CPU.Build.0 = Debug|Any CPU
		{CFEBF849-768D-4CBB-8C53-C2FC4D9AEBA8}.Release|Any CPU.ActiveCfg = Release|Any CPU
		{CFEBF849-768D-4CBB-8C53-C2FC4D9AEBA8}.Release|Any CPU.Build.0 = Release|Any CPU
	EndGlobalSection
	GlobalSection(SolutionProperties) = preSolution
		HideSolutionNode = FALSE
	EndGlobalSection
	GlobalSection(ExtensibilityGlobals) = postSolution
		SolutionGuid = {96FF8755-2270-45CF-89AF-025164323FA6}
	EndGlobalSection
EndGlobal
